<?xml version="1.0" encoding="utf-8"?>
<Project ToolsVersion="4.0" xmlns="http://schemas.microsoft.com/developer/msbuild/2003">
  <ItemGroup>
    <Filter Include="Header Files">
      <UniqueIdentifier>{93995380-89BD-4b04-88EB-625FBE52EBFB}</UniqueIdentifier>
      <Extensions>h;hh;hpp;hxx;hm;inl;inc;ipp;xsd</Extensions>
    </Filter>
    <Filter Include="Resource Files">
      <UniqueIdentifier>{67DA6AB6-F800-4c08-8B7A-83BB121AAD01}</UniqueIdentifier>
      <Extensions>rc;ico;cur;bmp;dlg;rc2;rct;bin;rgs;gif;jpg;jpeg;jpe;resx;tiff;tif;png;wav;mfcribbon-ms</Extensions>
    </Filter>
    <Filter Include="Source Files">
      <UniqueIdentifier>{4FC737F1-C7A5-4376-A066-2A32D752A2FF}</UniqueIdentifier>
      <Extensions>cpp;c;cc;cxx;def;odl;idl;hpj;bat;asm;asmx</Extensions>
    </Filter>
    <Filter Include="Header Files\Numeric">
      <UniqueIdentifier>{eba383b5-cecc-4d62-8ea4-b5c4a47b0824}</UniqueIdentifier>
    </Filter>
    <Filter Include="Source Files\Numeric">
      <UniqueIdentifier>{1df17903-3ef4-4a52-b9b1-3b2d1c77d38d}</UniqueIdentifier>
    </Filter>
    <Filter Include="Header Files\Numeric\Number">
      <UniqueIdentifier>{1d5276d3-0bbc-4374-909d-fd89e7ef02d2}</UniqueIdentifier>
    </Filter>
    <Filter Include="Header Files\Data Structures">
      <UniqueIdentifier>{9ae695c4-7c7a-4a25-a3bb-da903588d489}</UniqueIdentifier>
    </Filter>
    <Filter Include="Source Files\Data Structures">
      <UniqueIdentifier>{a7e64e1f-81c3-4264-99d4-97f3b0b9fc89}</UniqueIdentifier>
    </Filter>
    <Filter Include="Header Files\Data Structures\Trees">
      <UniqueIdentifier>{81cb6abe-30b2-4216-85ea-5c7e1745eb7f}</UniqueIdentifier>
    </Filter>
    <Filter Include="Header Files\Data Structures\Cache">
      <UniqueIdentifier>{df4f6b31-49ed-4bd7-a131-7eb5ff06041c}</UniqueIdentifier>
    </Filter>
    <Filter Include="Header Files\Numeric\Matrix">
      <UniqueIdentifier>{a45b58cc-d6ce-42fa-887a-3a819965053a}</UniqueIdentifier>
    </Filter>
    <Filter Include="Source Files\Numeric\Matrix">
      <UniqueIdentifier>{2f3c2c24-dac3-4e79-9632-6b64809cf3c0}</UniqueIdentifier>
    </Filter>
    <Filter Include="Source Files\Numeric\Array">
      <UniqueIdentifier>{9c3d521a-b5ad-4a60-a418-68834fb691ac}</UniqueIdentifier>
    </Filter>
    <Filter Include="Header Files\Numeric\Array">
      <UniqueIdentifier>{59fd4af2-297b-420a-98d1-b43e311aec81}</UniqueIdentifier>
    </Filter>
    <Filter Include="Source Files\Computational Graph">
      <UniqueIdentifier>{dd939b2d-4d5b-4808-8cf9-8a949d5b54f9}</UniqueIdentifier>
    </Filter>
    <Filter Include="Header Files\Computational Graph">
      <UniqueIdentifier>{04a5a3ce-b89d-4a26-b600-f371737fc488}</UniqueIdentifier>
    </Filter>
    <Filter Include="Source Files\Computational Graph\Functros">
      <UniqueIdentifier>{1c974e37-90ac-405d-992c-eeec2c90f5b1}</UniqueIdentifier>
    </Filter>
    <Filter Include="Header Files\Computational Graph\Functors">
      <UniqueIdentifier>{4f72b5ae-a80b-4d88-94e2-6a9133b56e4c}</UniqueIdentifier>
    </Filter>
    <Filter Include="Header Files\Computational Graph\Nodes">
      <UniqueIdentifier>{c047e4e8-0104-416f-ba7a-657d56ecbe9f}</UniqueIdentifier>
    </Filter>
    <Filter Include="Source Files\Computational Graph\Nodes">
      <UniqueIdentifier>{6697c7ad-bc95-4fb9-8337-7313615df88a}</UniqueIdentifier>
    </Filter>
    <Filter Include="Header Files\Computational Graph\Differentiators">
      <UniqueIdentifier>{b0445cfb-db48-442e-b0fc-95552105fb8f}</UniqueIdentifier>
    </Filter>
    <Filter Include="Source Files\Computational Graph\Differentiators">
      <UniqueIdentifier>{985807f7-62ac-4bcd-b43d-f24707514e11}</UniqueIdentifier>
    </Filter>
    <Filter Include="Header Files\Computational Graph\Graphs">
      <UniqueIdentifier>{09bf126e-f6a7-4530-9e24-b87f8e9c99bd}</UniqueIdentifier>
    </Filter>
    <Filter Include="Source Files\Computational Graph\Graphs">
      <UniqueIdentifier>{76645e8b-35b8-459d-8f68-5b853fb3374e}</UniqueIdentifier>
    </Filter>
  </ItemGroup>
  <ItemGroup>
    <ClCompile Include="main.cpp">
      <Filter>Source Files</Filter>
    </ClCompile>
    <ClCompile Include="Matrix.cpp">
      <Filter>Source Files\Numeric\Matrix</Filter>
    </ClCompile>
    <ClCompile Include="Array.cpp">
      <Filter>Source Files\Numeric\Array</Filter>
    </ClCompile>
    <ClCompile Include="Array_Statics.cpp">
      <Filter>Source Files\Numeric\Array</Filter>
    </ClCompile>
    <ClCompile Include="iArray.cpp">
      <Filter>Source Files\Numeric\Array</Filter>
    </ClCompile>
    <ClCompile Include="cg.cpp">
      <Filter>Source Files\Computational Graph</Filter>
    </ClCompile>
    <ClCompile Include="cgNode.cpp">
      <Filter>Source Files\Computational Graph</Filter>
    </ClCompile>
    <ClCompile Include="Functor.cpp">
      <Filter>Source Files\Computational Graph</Filter>
    </ClCompile>
    <ClCompile Include="Diffor.cpp">
      <Filter>Source Files\Computational Graph</Filter>
    </ClCompile>
    <ClCompile Include="addDiffor.cpp">
      <Filter>Source Files\Computational Graph\Differentiators</Filter>
    </ClCompile>
    <ClCompile Include="subDiffor.cpp">
      <Filter>Source Files\Computational Graph\Differentiators</Filter>
    </ClCompile>
    <ClCompile Include="mulDiffor.cpp">
      <Filter>Source Files\Computational Graph\Differentiators</Filter>
    </ClCompile>
    <ClCompile Include="divDiffor.cpp">
      <Filter>Source Files\Computational Graph\Differentiators</Filter>
    </ClCompile>
    <ClCompile Include="expDiffor.cpp">
      <Filter>Source Files\Computational Graph\Differentiators</Filter>
    </ClCompile>
    <ClCompile Include="varNode.cpp">
      <Filter>Source Files\Computational Graph\Nodes</Filter>
    </ClCompile>
    <ClCompile Include="constNode.cpp">
      <Filter>Source Files\Computational Graph\Nodes</Filter>
    </ClCompile>
    <ClCompile Include="constDiffor.cpp">
      <Filter>Source Files\Computational Graph\Differentiators</Filter>
    </ClCompile>
    <ClCompile Include="varDiffor.cpp">
      <Filter>Source Files\Computational Graph\Differentiators</Filter>
    </ClCompile>
    <ClCompile Include="dcg.cpp">
      <Filter>Source Files\Computational Graph\Graphs</Filter>
    </ClCompile>
    <ClCompile Include="addNode.cpp">
      <Filter>Source Files\Computational Graph\Nodes</Filter>
    </ClCompile>
    <ClCompile Include="subNode.cpp">
      <Filter>Source Files\Computational Graph\Nodes</Filter>
    </ClCompile>
    <ClCompile Include="mulNode.cpp">
      <Filter>Source Files\Computational Graph\Nodes</Filter>
    </ClCompile>
    <ClCompile Include="divNode.cpp">
      <Filter>Source Files\Computational Graph\Nodes</Filter>
    </ClCompile>
    <ClCompile Include="expNode.cpp">
      <Filter>Source Files\Computational Graph\Nodes</Filter>
    </ClCompile>
    <ClCompile Include="lnNode.cpp">
      <Filter>Source Files\Computational Graph\Nodes</Filter>
    </ClCompile>
    <ClCompile Include="lnDiffor.cpp">
      <Filter>Source Files\Computational Graph\Differentiators</Filter>
    </ClCompile>
    <ClCompile Include="nullNode.cpp">
      <Filter>Source Files\Computational Graph\Nodes</Filter>
    </ClCompile>
    <ClCompile Include="nullDiffor.cpp">
      <Filter>Source Files\Computational Graph\Differentiators</Filter>
    </ClCompile>
  </ItemGroup>
  <ItemGroup>
    <ClInclude Include="heap.hpp">
      <Filter>Header Files\Data Structures</Filter>
    </ClInclude>
    <ClInclude Include="sized_heap.hpp">
      <Filter>Header Files\Data Structures</Filter>
    </ClInclude>
    <ClInclude Include="TreeNode.hpp">
      <Filter>Header Files\Data Structures\Trees</Filter>
    </ClInclude>
    <ClInclude Include="Binary_Tree.hpp">
      <Filter>Header Files\Data Structures\Trees</Filter>
    </ClInclude>
    <ClInclude Include="AVL_Tree.hpp">
      <Filter>Header Files\Data Structures\Trees</Filter>
    </ClInclude>
    <ClInclude Include="Fixed_sized_AVL.hpp">
      <Filter>Header Files\Data Structures\Trees</Filter>
    </ClInclude>
    <ClInclude Include="Matrix.h">
      <Filter>Header Files\Numeric\Matrix</Filter>
    </ClInclude>
    <ClInclude Include="Array.h">
      <Filter>Header Files\Numeric\Array</Filter>
    </ClInclude>
    <ClInclude Include="Array_Statics.h">
      <Filter>Header Files\Numeric\Array</Filter>
    </ClInclude>
    <ClInclude Include="iArray.h">
      <Filter>Header Files\Numeric\Array</Filter>
    </ClInclude>
    <ClInclude Include="cg.h">
      <Filter>Header Files\Computational Graph</Filter>
    </ClInclude>
    <ClInclude Include="cgNode.h">
      <Filter>Header Files\Computational Graph</Filter>
    </ClInclude>
    <ClInclude Include="Functor.h">
      <Filter>Header Files\Computational Graph</Filter>
    </ClInclude>
    <ClInclude Include="addDiffor.h">
      <Filter>Header Files\Computational Graph\Differentiators</Filter>
    </ClInclude>
    <ClInclude Include="Diffor.h">
      <Filter>Header Files\Computational Graph</Filter>
    </ClInclude>
    <ClInclude Include="subDiffor.h">
      <Filter>Header Files\Computational Graph\Differentiators</Filter>
    </ClInclude>
    <ClInclude Include="mulDiffor.h">
      <Filter>Header Files\Computational Graph\Differentiators</Filter>
    </ClInclude>
    <ClInclude Include="divDiffor.h">
      <Filter>Header Files\Computational Graph\Differentiators</Filter>
    </ClInclude>
    <ClInclude Include="expDiffor.h">
      <Filter>Header Files\Computational Graph\Differentiators</Filter>
    </ClInclude>
    <ClInclude Include="varNode.h">
      <Filter>Header Files\Computational Graph\Nodes</Filter>
    </ClInclude>
    <ClInclude Include="constNode.h">
      <Filter>Header Files\Computational Graph\Nodes</Filter>
    </ClInclude>
    <ClInclude Include="constDiffor.h">
      <Filter>Header Files\Computational Graph\Differentiators</Filter>
    </ClInclude>
    <ClInclude Include="varDiffor.h">
      <Filter>Header Files\Computational Graph\Differentiators</Filter>
    </ClInclude>
    <ClInclude Include="dcg.h">
      <Filter>Header Files\Computational Graph\Graphs</Filter>
    </ClInclude>
    <ClInclude Include="Forest.h">
      <Filter>Header Files</Filter>
    </ClInclude>
    <ClInclude Include="addNode.h">
      <Filter>Header Files\Computational Graph\Nodes</Filter>
    </ClInclude>
    <ClInclude Include="subNode.h">
      <Filter>Header Files\Computational Graph\Nodes</Filter>
    </ClInclude>
    <ClInclude Include="mulNode.h">
      <Filter>Header Files\Computational Graph\Nodes</Filter>
    </ClInclude>
    <ClInclude Include="divNode.h">
      <Filter>Header Files\Computational Graph\Nodes</Filter>
    </ClInclude>
    <ClInclude Include="expNode.h">
      <Filter>Header Files\Computational Graph\Nodes</Filter>
    </ClInclude>
    <ClInclude Include="lnNode.h">
      <Filter>Header Files\Computational Graph\Nodes</Filter>
    </ClInclude>
    <ClInclude Include="lnDiffor.h">
      <Filter>Header Files\Computational Graph\Differentiators</Filter>
    </ClInclude>
    <ClInclude Include="nullNode.h">
      <Filter>Header Files\Computational Graph\Nodes</Filter>
    </ClInclude>
    <ClInclude Include="nullDiffor.h">
      <Filter>Header Files\Computational Graph\Differentiators</Filter>
    </ClInclude>
  </ItemGroup>
</Project>